
Microsoft Visual Studio Solution File, Format Version 12.00
# Visual Studio Version 17
VisualStudioVersion = 17.4.33110.190
MinimumVisualStudioVersion = 10.0.40219.1
Project("{9A19103F-16F7-4668-BE54-9A1E7A4F7556}") = "LibChromeDotNet", "LibChromeDotNet\LibChromeDotNet.csproj", "{F867E887-B6E5-499D-BA68-A8C10082290B}"
EndProject
Project("{FAE04EC0-301F-11D3-BF4B-00C04F79EFBC}") = "ChromeDotNet-Test", "ChromeDotNet-Test\ChromeDotNet-Test.csproj", "{B17643D5-50CD-4006-AD94-569D67DC5B62}"
EndProject
Global
	GlobalSection(SolutionConfigurationPlatforms) = preSolution
		Debug|Any CPU = Debug|Any CPU
		Release|Any CPU = Release|Any CPU
	EndGlobalSection
	GlobalSection(ProjectConfigurationPlatforms) = postSolution
		{F867E887-B6E5-499D-BA68-A8C10082290B}.Debug|Any CPU.ActiveCfg = Debug|Any CPU
		{F867E887-B6E5-499D-BA68-A8C10082290B}.Debug|Any CPU.Build.0 = Debug|Any CPU
		{F867E887-B6E5-499D-BA68-A8C10082290B}.Release|Any CPU.ActiveCfg = Release|Any CPU
		{F867E887-B6E5-499D-BA68-A8C10082290B}.Release|Any CPU.Build.0 = Release|Any CPU
		{B17643D5-50CD-4006-AD94-569D67DC5B62}.Debug|Any CPU.ActiveCfg = Debug|Any CPU
		{B17643D5-50CD-4006-AD94-569D67DC5B62}.Debug|Any CPU.Build.0 = Debug|Any CPU
		{B17643D5-50CD-4006-AD94-569D67DC5B62}.Release|Any CPU.ActiveCfg = Release|Any CPU
		{B17643D5-50CD-4006-AD94-569D67DC5B62}.Release|Any CPU.Build.0 = Release|Any CPU
	EndGlobalSection
	GlobalSection(SolutionProperties) = preSolution
		HideSolutionNode = FALSE
	EndGlobalSection
	GlobalSection(ExtensibilityGlobals) = postSolution
		SolutionGuid = {F6FCA787-CEF2-4D83-BEC1-9927F3D3ED07}
	EndGlobalSection
EndGlobal
